
Microsoft Visual Studio Solution File, Format Version 12.00
# Visual Studio 15
VisualStudioVersion = 15.0.28307.1022
MinimumVisualStudioVersion = 10.0.40219.1
Project("{FAE04EC0-301F-11D3-BF4B-00C04F79EFBC}") = "ExamManagerMobile.Android", "ExamManagerMobile\ExamManagerMobile.Android\ExamManagerMobile.Android.csproj", "{260043B7-4821-4316-B829-D99275600275}"
EndProject
Project("{FAE04EC0-301F-11D3-BF4B-00C04F79EFBC}") = "ExamManagerMobile.iOS", "ExamManagerMobile\ExamManagerMobile.iOS\ExamManagerMobile.iOS.csproj", "{B581B73F-9489-4C60-B919-CE0E7CAFABC7}"
EndProject
Project("{FAE04EC0-301F-11D3-BF4B-00C04F79EFBC}") = "ExamManagerMobile", "ExamManagerMobile\ExamManagerMobile\ExamManagerMobile.csproj", "{8D3D227D-5E26-4820-903E-7691D5B6D37D}"
EndProject
Global
	GlobalSection(SolutionConfigurationPlatforms) = preSolution
		Ad-Hoc|Any CPU = Ad-Hoc|Any CPU
		Ad-Hoc|iPhone = Ad-Hoc|iPhone
		Ad-Hoc|iPhoneSimulator = Ad-Hoc|iPhoneSimulator
		AppStore|Any CPU = AppStore|Any CPU
		AppStore|iPhone = AppStore|iPhone
		AppStore|iPhoneSimulator = AppStore|iPhoneSimulator
		Debug|Any CPU = Debug|Any CPU
		Debug|iPhone = Debug|iPhone
		Debug|iPhoneSimulator = Debug|iPhoneSimulator
		Release|Any CPU = Release|Any CPU
		Release|iPhone = Release|iPhone
		Release|iPhoneSimulator = Release|iPhoneSimulator
	EndGlobalSection
	GlobalSection(ProjectConfigurationPlatforms) = postSolution
		{260043B7-4821-4316-B829-D99275600275}.Ad-Hoc|Any CPU.ActiveCfg = Release|Any CPU
		{260043B7-4821-4316-B829-D99275600275}.Ad-Hoc|Any CPU.Build.0 = Release|Any CPU
		{260043B7-4821-4316-B829-D99275600275}.Ad-Hoc|Any CPU.Deploy.0 = Release|Any CPU
		{260043B7-4821-4316-B829-D99275600275}.Ad-Hoc|iPhone.ActiveCfg = Release|Any CPU
		{260043B7-4821-4316-B829-D99275600275}.Ad-Hoc|iPhone.Build.0 = Release|Any CPU
		{260043B7-4821-4316-B829-D99275600275}.Ad-Hoc|iPhone.Deploy.0 = Release|Any CPU
		{260043B7-4821-4316-B829-D99275600275}.Ad-Hoc|iPhoneSimulator.ActiveCfg = Release|Any CPU
		{260043B7-4821-4316-B829-D99275600275}.Ad-Hoc|iPhoneSimulator.Build.0 = Release|Any CPU
		{260043B7-4821-4316-B829-D99275600275}.Ad-Hoc|iPhoneSimulator.Deploy.0 = Release|Any CPU
		{260043B7-4821-4316-B829-D99275600275}.AppStore|Any CPU.ActiveCfg = Release|Any CPU
		{260043B7-4821-4316-B829-D99275600275}.AppStore|Any CPU.Build.0 = Release|Any CPU
		{260043B7-4821-4316-B829-D99275600275}.AppStore|Any CPU.Deploy.0 = Release|Any CPU
		{260043B7-4821-4316-B829-D99275600275}.AppStore|iPhone.ActiveCfg = Release|Any CPU
		{260043B7-4821-4316-B829-D99275600275}.AppStore|iPhone.Build.0 = Release|Any CPU
		{260043B7-4821-4316-B829-D99275600275}.AppStore|iPhone.Deploy.0 = Release|Any CPU
		{260043B7-4821-4316-B829-D99275600275}.AppStore|iPhoneSimulator.ActiveCfg = Release|Any CPU
		{260043B7-4821-4316-B829-D99275600275}.AppStore|iPhoneSimulator.Build.0 = Release|Any CPU
		{260043B7-4821-4316-B829-D99275600275}.AppStore|iPhoneSimulator.Deploy.0 = Release|Any CPU
		{260043B7-4821-4316-B829-D99275600275}.Debug|Any CPU.ActiveCfg = Debug|Any CPU
		{260043B7-4821-4316-B829-D99275600275}.Debug|Any CPU.Build.0 = Debug|Any CPU
		{260043B7-4821-4316-B829-D99275600275}.Debug|Any CPU.Deploy.0 = Debug|Any CPU
		{260043B7-4821-4316-B829-D99275600275}.Debug|iPhone.ActiveCfg = Debug|Any CPU
		{260043B7-4821-4316-B829-D99275600275}.Debug|iPhone.Build.0 = Debug|Any CPU
		{260043B7-4821-4316-B829-D99275600275}.Debug|iPhone.Deploy.0 = Debug|Any CPU
		{260043B7-4821-4316-B829-D99275600275}.Debug|iPhoneSimulator.ActiveCfg = Debug|Any CPU
		{260043B7-4821-4316-B829-D99275600275}.Debug|iPhoneSimulator.Build.0 = Debug|Any CPU
		{260043B7-4821-4316-B829-D99275600275}.Debug|iPhoneSimulator.Deploy.0 = Debug|Any CPU
		{260043B7-4821-4316-B829-D99275600275}.Release|Any CPU.ActiveCfg = Release|Any CPU
		{260043B7-4821-4316-B829-D99275600275}.Release|Any CPU.Build.0 = Release|Any CPU
		{260043B7-4821-4316-B829-D99275600275}.Release|Any CPU.Deploy.0 = Release|Any CPU
		{260043B7-4821-4316-B829-D99275600275}.Release|iPhone.ActiveCfg = Release|Any CPU
		{260043B7-4821-4316-B829-D99275600275}.Release|iPhone.Build.0 = Release|Any CPU
		{260043B7-4821-4316-B829-D99275600275}.Release|iPhone.Deploy.0 = Release|Any CPU
		{260043B7-4821-4316-B829-D99275600275}.Release|iPhoneSimulator.ActiveCfg = Release|Any CPU
		{260043B7-4821-4316-B829-D99275600275}.Release|iPhoneSimulator.Build.0 = Release|Any CPU
		{260043B7-4821-4316-B829-D99275600275}.Release|iPhoneSimulator.Deploy.0 = Release|Any CPU
		{B581B73F-9489-4C60-B919-CE0E7CAFABC7}.Ad-Hoc|Any CPU.ActiveCfg = Ad-Hoc|iPhone
		{B581B73F-9489-4C60-B919-CE0E7CAFABC7}.Ad-Hoc|Any CPU.Build.0 = Ad-Hoc|iPhone
		{B581B73F-9489-4C60-B919-CE0E7CAFABC7}.Ad-Hoc|Any CPU.Deploy.0 = Ad-Hoc|iPhone
		{B581B73F-9489-4C60-B919-CE0E7CAFABC7}.Ad-Hoc|iPhone.ActiveCfg = Ad-Hoc|iPhone
		{B581B73F-9489-4C60-B919-CE0E7CAFABC7}.Ad-Hoc|iPhone.Build.0 = Ad-Hoc|iPhone
		{B581B73F-9489-4C60-B919-CE0E7CAFABC7}.Ad-Hoc|iPhone.Deploy.0 = Ad-Hoc|iPhone
		{B581B73F-9489-4C60-B919-CE0E7CAFABC7}.Ad-Hoc|iPhoneSimulator.ActiveCfg = Ad-Hoc|iPhoneSimulator
		{B581B73F-9489-4C60-B919-CE0E7CAFABC7}.Ad-Hoc|iPhoneSimulator.Build.0 = Ad-Hoc|iPhoneSimulator
		{B581B73F-9489-4C60-B919-CE0E7CAFABC7}.Ad-Hoc|iPhoneSimulator.Deploy.0 = Ad-Hoc|iPhoneSimulator
		{B581B73F-9489-4C60-B919-CE0E7CAFABC7}.AppStore|Any CPU.ActiveCfg = AppStore|iPhone
		{B581B73F-9489-4C60-B919-CE0E7CAFABC7}.AppStore|Any CPU.Build.0 = AppStore|iPhone
		{B581B73F-9489-4C60-B919-CE0E7CAFABC7}.AppStore|Any CPU.Deploy.0 = AppStore|iPhone
		{B581B73F-9489-4C60-B919-CE0E7CAFABC7}.AppStore|iPhone.ActiveCfg = AppStore|iPhone
		{B581B73F-9489-4C60-B919-CE0E7CAFABC7}.AppStore|iPhone.Build.0 = AppStore|iPhone
		{B581B73F-9489-4C60-B919-CE0E7CAFABC7}.AppStore|iPhone.Deploy.0 = AppStore|iPhone
		{B581B73F-9489-4C60-B919-CE0E7CAFABC7}.AppStore|iPhoneSimulator.ActiveCfg = AppStore|iPhoneSimulator
		{B581B73F-9489-4C60-B919-CE0E7CAFABC7}.AppStore|iPhoneSimulator.Build.0 = AppStore|iPhoneSimulator
		{B581B73F-9489-4C60-B919-CE0E7CAFABC7}.AppStore|iPhoneSimulator.Deploy.0 = AppStore|iPhoneSimulator
		{B581B73F-9489-4C60-B919-CE0E7CAFABC7}.Debug|Any CPU.ActiveCfg = Debug|iPhoneSimulator
		{B581B73F-9489-4C60-B919-CE0E7CAFABC7}.Debug|Any CPU.Build.0 = Debug|iPhoneSimulator
		{B581B73F-9489-4C60-B919-CE0E7CAFABC7}.Debug|Any CPU.Deploy.0 = Debug|iPhoneSimulator
		{B581B73F-9489-4C60-B919-CE0E7CAFABC7}.Debug|iPhone.ActiveCfg = Debug|iPhone
		{B581B73F-9489-4C60-B919-CE0E7CAFABC7}.Debug|iPhone.Build.0 = Debug|iPhone
		{B581B73F-9489-4C60-B919-CE0E7CAFABC7}.Debug|iPhone.Deploy.0 = Debug|iPhone
		{B581B73F-9489-4C60-B919-CE0E7CAFABC7}.Debug|iPhoneSimulator.ActiveCfg = Debug|iPhoneSimulator
		{B581B73F-9489-4C60-B919-CE0E7CAFABC7}.Debug|iPhoneSimulator.Build.0 = Debug|iPhoneSimulator
		{B581B73F-9489-4C60-B919-CE0E7CAFABC7}.Debug|iPhoneSimulator.Deploy.0 = Debug|iPhoneSimulator
		{B581B73F-9489-4C60-B919-CE0E7CAFABC7}.Release|Any CPU.ActiveCfg = Release|iPhone
		{B581B73F-9489-4C60-B919-CE0E7CAFABC7}.Release|Any CPU.Build.0 = Release|iPhone
		{B581B73F-9489-4C60-B919-CE0E7CAFABC7}.Release|Any CPU.Deploy.0 = Release|iPhone
		{B581B73F-9489-4C60-B919-CE0E7CAFABC7}.Release|iPhone.ActiveCfg = Release|iPhone
		{B581B73F-9489-4C60-B919-CE0E7CAFABC7}.Release|iPhone.Build.0 = Release|iPhone
		{B581B73F-9489-4C60-B919-CE0E7CAFABC7}.Release|iPhone.Deploy.0 = Release|iPhone
		{B581B73F-9489-4C60-B919-CE0E7CAFABC7}.Release|iPhoneSimulator.ActiveCfg = Release|iPhoneSimulator
		{B581B73F-9489-4C60-B919-CE0E7CAFABC7}.Release|iPhoneSimulator.Build.0 = Release|iPhoneSimulator
		{B581B73F-9489-4C60-B919-CE0E7CAFABC7}.Release|iPhoneSimulator.Deploy.0 = Release|iPhoneSimulator
		{8D3D227D-5E26-4820-903E-7691D5B6D37D}.Ad-Hoc|Any CPU.ActiveCfg = Debug|Any CPU
		{8D3D227D-5E26-4820-903E-7691D5B6D37D}.Ad-Hoc|Any CPU.Build.0 = Debug|Any CPU
		{8D3D227D-5E26-4820-903E-7691D5B6D37D}.Ad-Hoc|Any CPU.Deploy.0 = Debug|Any CPU
		{8D3D227D-5E26-4820-903E-7691D5B6D37D}.Ad-Hoc|iPhone.ActiveCfg = Debug|Any CPU
		{8D3D227D-5E26-4820-903E-7691D5B6D37D}.Ad-Hoc|iPhone.Build.0 = Debug|Any CPU
		{8D3D227D-5E26-4820-903E-7691D5B6D37D}.Ad-Hoc|iPhone.Deploy.0 = Debug|Any CPU
		{8D3D227D-5E26-4820-903E-7691D5B6D37D}.Ad-Hoc|iPhoneSimulator.ActiveCfg = Debug|Any CPU
		{8D3D227D-5E26-4820-903E-7691D5B6D37D}.Ad-Hoc|iPhoneSimulator.Build.0 = Debug|Any CPU
		{8D3D227D-5E26-4820-903E-7691D5B6D37D}.Ad-Hoc|iPhoneSimulator.Deploy.0 = Debug|Any CPU
		{8D3D227D-5E26-4820-903E-7691D5B6D37D}.AppStore|Any CPU.ActiveCfg = Debug|Any CPU
		{8D3D227D-5E26-4820-903E-7691D5B6D37D}.AppStore|Any CPU.Build.0 = Debug|Any CPU
		{8D3D227D-5E26-4820-903E-7691D5B6D37D}.AppStore|Any CPU.Deploy.0 = Debug|Any CPU
		{8D3D227D-5E26-4820-903E-7691D5B6D37D}.AppStore|iPhone.ActiveCfg = Debug|Any CPU
		{8D3D227D-5E26-4820-903E-7691D5B6D37D}.AppStore|iPhone.Build.0 = Debug|Any CPU
		{8D3D227D-5E26-4820-903E-7691D5B6D37D}.AppStore|iPhone.Deploy.0 = Debug|Any CPU
		{8D3D227D-5E26-4820-903E-7691D5B6D37D}.AppStore|iPhoneSimulator.ActiveCfg = Debug|Any CPU
		{8D3D227D-5E26-4820-903E-7691D5B6D37D}.AppStore|iPhoneSimulator.Build.0 = Debug|Any CPU
		{8D3D227D-5E26-4820-903E-7691D5B6D37D}.AppStore|iPhoneSimulator.Deploy.0 = Debug|Any CPU
		{8D3D227D-5E26-4820-903E-7691D5B6D37D}.Debug|Any CPU.ActiveCfg = Debug|Any CPU
		{8D3D227D-5E26-4820-903E-7691D5B6D37D}.Debug|Any CPU.Build.0 = Debug|Any CPU
		{8D3D227D-5E26-4820-903E-7691D5B6D37D}.Debug|Any CPU.Deploy.0 = Debug|Any CPU
		{8D3D227D-5E26-4820-903E-7691D5B6D37D}.Debug|iPhone.ActiveCfg = Debug|Any CPU
		{8D3D227D-5E26-4820-903E-7691D5B6D37D}.Debug|iPhone.Build.0 = Debug|Any CPU
		{8D3D227D-5E26-4820-903E-7691D5B6D37D}.Debug|iPhone.Deploy.0 = Debug|Any CPU
		{8D3D227D-5E26-4820-903E-7691D5B6D37D}.Debug|iPhoneSimulator.ActiveCfg = Debug|Any CPU
		{8D3D227D-5E26-4820-903E-7691D5B6D37D}.Debug|iPhoneSimulator.Build.0 = Debug|Any CPU
		{8D3D227D-5E26-4820-903E-7691D5B6D37D}.Debug|iPhoneSimulator.Deploy.0 = Debug|Any CPU
		{8D3D227D-5E26-4820-903E-7691D5B6D37D}.Release|Any CPU.ActiveCfg = Release|Any CPU
		{8D3D227D-5E26-4820-903E-7691D5B6D37D}.Release|Any CPU.Build.0 = Release|Any CPU
		{8D3D227D-5E26-4820-903E-7691D5B6D37D}.Release|Any CPU.Deploy.0 = Release|Any CPU
		{8D3D227D-5E26-4820-903E-7691D5B6D37D}.Release|iPhone.ActiveCfg = Release|Any CPU
		{8D3D227D-5E26-4820-903E-7691D5B6D37D}.Release|iPhone.Build.0 = Release|Any CPU
		{8D3D227D-5E26-4820-903E-7691D5B6D37D}.Release|iPhone.Deploy.0 = Release|Any CPU
		{8D3D227D-5E26-4820-903E-7691D5B6D37D}.Release|iPhoneSimulator.ActiveCfg = Release|Any CPU
		{8D3D227D-5E26-4820-903E-7691D5B6D37D}.Release|iPhoneSimulator.Build.0 = Release|Any CPU
		{8D3D227D-5E26-4820-903E-7691D5B6D37D}.Release|iPhoneSimulator.Deploy.0 = Release|Any CPU
	EndGlobalSection
	GlobalSection(SolutionProperties) = preSolution
		HideSolutionNode = FALSE
	EndGlobalSection
	GlobalSection(ExtensibilityGlobals) = postSolution
		SolutionGuid = {08F93F01-61E2-4F8B-BFEB-ED3388F6C502}
	EndGlobalSection
EndGlobal
